
Microsoft Visual Studio Solution File, Format Version 12.00
# Visual Studio Version 17
VisualStudioVersion = 17.4.33110.190
MinimumVisualStudioVersion = 10.0.40219.1
Project("{FAE04EC0-301F-11D3-BF4B-00C04F79EFBC}") = "BankApp.Web", "BankApp.Web\BankApp.Web.csproj", "{499CC3C3-0115-48D5-A18E-9F124BCE6F4E}"
EndProject
Global
	GlobalSection(SolutionConfigurationPlatforms) = preSolution
		Debug|Any CPU = Debug|Any CPU
		Release|Any CPU = Release|Any CPU
	EndGlobalSection
	GlobalSection(ProjectConfigurationPlatforms) = postSolution
		{499CC3C3-0115-48D5-A18E-9F124BCE6F4E}.Debug|Any CPU.ActiveCfg = Debug|Any CPU
		{499CC3C3-0115-48D5-A18E-9F124BCE6F4E}.Debug|Any CPU.Build.0 = Debug|Any CPU
		{499CC3C3-0115-48D5-A18E-9F124BCE6F4E}.Release|Any CPU.ActiveCfg = Release|Any CPU
		{499CC3C3-0115-48D5-A18E-9F124BCE6F4E}.Release|Any CPU.Build.0 = Release|Any CPU
	EndGlobalSection
	GlobalSection(SolutionProperties) = preSolution
		HideSolutionNode = FALSE
	EndGlobalSection
	GlobalSection(ExtensibilityGlobals) = postSolution
		SolutionGuid = {1B532E16-EFB1-49DC-8C03-1A777F3C285F}
	EndGlobalSection
EndGlobal
